// !$*UTF8*$!
{
	archiveVersion = 1;
	classes = {
	};
	objectVersion = 46;
	objects = {

/* Begin PBXBuildFile section */
		C5173EF91C2A642500D6C0CB /* Settings.bundle in Resources */ = {isa = PBXBuildFile; fileRef = C5173EF81C2A642500D6C0CB /* Settings.bundle */; };
		C52311F41C404A4B001AD21A /* BadgeLabel.swift in Sources */ = {isa = PBXBuildFile; fileRef = C52311F31C404A4B001AD21A /* BadgeLabel.swift */; };
		C52355BC1C713A260090AD91 /* SQLite.framework in Frameworks */ = {isa = PBXBuildFile; fileRef = C52355AF1C7139EB0090AD91 /* SQLite.framework */; };
		C52355BD1C713A360090AD91 /* SQLite.framework in CopyFiles */ = {isa = PBXBuildFile; fileRef = C52355AF1C7139EB0090AD91 /* SQLite.framework */; settings = {ATTRIBUTES = (CodeSignOnCopy, RemoveHeadersOnCopy, ); }; };
		C52355C11C71A6C70090AD91 /* Server.swift in Sources */ = {isa = PBXBuildFile; fileRef = C52355C01C71A6C70090AD91 /* Server.swift */; };
		C52355C31C726B190090AD91 /* Process.swift in Sources */ = {isa = PBXBuildFile; fileRef = C52355C21C726B190090AD91 /* Process.swift */; };
		C52355C61C7275870090AD91 /* sample.JSON in Resources */ = {isa = PBXBuildFile; fileRef = C52355C51C7275870090AD91 /* sample.JSON */; };
		C52355C81C7277160090AD91 /* ServerProcessTests.swift in Sources */ = {isa = PBXBuildFile; fileRef = C52355C71C7277160090AD91 /* ServerProcessTests.swift */; };
		C52355CB1C727F390090AD91 /* Persist.swift in Sources */ = {isa = PBXBuildFile; fileRef = C52355CA1C727F390090AD91 /* Persist.swift */; };
		C52355CD1C7280420090AD91 /* Migrations.swift in Sources */ = {isa = PBXBuildFile; fileRef = C52355CC1C7280420090AD91 /* Migrations.swift */; };
		C52355CF1C72A1000090AD91 /* ConnectionManager.swift in Sources */ = {isa = PBXBuildFile; fileRef = C52355CE1C72A1000090AD91 /* ConnectionManager.swift */; };
		C55A02B71C6D949D002B68DA /* InputCell.swift in Sources */ = {isa = PBXBuildFile; fileRef = C55A02B61C6D949D002B68DA /* InputCell.swift */; };
		C56321601C500B6100BBE4BE /* Theme.swift in Sources */ = {isa = PBXBuildFile; fileRef = C563215F1C500B6100BBE4BE /* Theme.swift */; };
		C56321631C500C0D00BBE4BE /* LightTheme.swift in Sources */ = {isa = PBXBuildFile; fileRef = C56321621C500C0D00BBE4BE /* LightTheme.swift */; };
		C56321651C500C1900BBE4BE /* DarkTheme.swift in Sources */ = {isa = PBXBuildFile; fileRef = C56321641C500C1900BBE4BE /* DarkTheme.swift */; };
		C56321671C500D9C00BBE4BE /* ThemeFactory.swift in Sources */ = {isa = PBXBuildFile; fileRef = C56321661C500D9C00BBE4BE /* ThemeFactory.swift */; };
		C56321691C502EEB00BBE4BE /* Themeable.swift in Sources */ = {isa = PBXBuildFile; fileRef = C56321681C502EEB00BBE4BE /* Themeable.swift */; };
		C5653B981C30BF1300087D48 /* SampleData.swift in Sources */ = {isa = PBXBuildFile; fileRef = C5653B971C30BF1300087D48 /* SampleData.swift */; };
		C5653B9A1C335A3700087D48 /* Constants.swift in Sources */ = {isa = PBXBuildFile; fileRef = C5653B991C335A3700087D48 /* Constants.swift */; };
		C5653B9C1C3362D800087D48 /* UIColor+Colors.swift in Sources */ = {isa = PBXBuildFile; fileRef = C5653B9B1C3362D800087D48 /* UIColor+Colors.swift */; };
		C57C60F91C74C41D00B03657 /* ProcessDetailViewController.swift in Sources */ = {isa = PBXBuildFile; fileRef = C57C60F81C74C41D00B03657 /* ProcessDetailViewController.swift */; };
		C57C61111C74F63600B03657 /* BankGothicBold.ttf in Resources */ = {isa = PBXBuildFile; fileRef = C57C61101C74F63600B03657 /* BankGothicBold.ttf */; };
		C57C61141C751A3300B03657 /* ThumbnailGraph.swift in Sources */ = {isa = PBXBuildFile; fileRef = C57C61131C751A3300B03657 /* ThumbnailGraph.swift */; };
		C57C61161C76EC0100B03657 /* Utilities.swift in Sources */ = {isa = PBXBuildFile; fileRef = C57C61151C76EC0100B03657 /* Utilities.swift */; };
		C57C61271C78411600B03657 /* aapl.json in Resources */ = {isa = PBXBuildFile; fileRef = C57C61221C78411600B03657 /* aapl.json */; };
		C57C61281C78411600B03657 /* crm.json in Resources */ = {isa = PBXBuildFile; fileRef = C57C61231C78411600B03657 /* crm.json */; };
		C57C61291C78411600B03657 /* msft.json in Resources */ = {isa = PBXBuildFile; fileRef = C57C61241C78411600B03657 /* msft.json */; };
		C57C612A1C78411600B03657 /* orcl.json in Resources */ = {isa = PBXBuildFile; fileRef = C57C61251C78411600B03657 /* orcl.json */; };
		C57C612B1C78411600B03657 /* yhoo.json in Resources */ = {isa = PBXBuildFile; fileRef = C57C61261C78411600B03657 /* yhoo.json */; };
		C58453711C73CDB100EFD7CE /* ProcessCell.swift in Sources */ = {isa = PBXBuildFile; fileRef = C58453701C73CDB100EFD7CE /* ProcessCell.swift */; };
		C59C6FE21C27660A00B082F6 /* ServerListTableViewController.swift in Sources */ = {isa = PBXBuildFile; fileRef = C59C6FE11C27660A00B082F6 /* ServerListTableViewController.swift */; };
		C5A2A4961C27539C00439FE7 /* AppDelegate.swift in Sources */ = {isa = PBXBuildFile; fileRef = C5A2A4951C27539C00439FE7 /* AppDelegate.swift */; };
		C5A2A49B1C27539C00439FE7 /* Main.storyboard in Resources */ = {isa = PBXBuildFile; fileRef = C5A2A4991C27539C00439FE7 /* Main.storyboard */; };
		C5A2A49D1C27539C00439FE7 /* Assets.xcassets in Resources */ = {isa = PBXBuildFile; fileRef = C5A2A49C1C27539C00439FE7 /* Assets.xcassets */; };
		C5A2A4A01C27539C00439FE7 /* LaunchScreen.storyboard in Resources */ = {isa = PBXBuildFile; fileRef = C5A2A49E1C27539C00439FE7 /* LaunchScreen.storyboard */; };
		C5A2A4AB1C27539C00439FE7 /* sremoteTests.swift in Sources */ = {isa = PBXBuildFile; fileRef = C5A2A4AA1C27539C00439FE7 /* sremoteTests.swift */; };
		C5A2A4B61C27539C00439FE7 /* sremoteUITests.swift in Sources */ = {isa = PBXBuildFile; fileRef = C5A2A4B51C27539C00439FE7 /* sremoteUITests.swift */; };
		C5A2A4C41C27599D00439FE7 /* ServerEntryViewController.swift in Sources */ = {isa = PBXBuildFile; fileRef = C5A2A4C31C27599D00439FE7 /* ServerEntryViewController.swift */; };
		C5A66E761C6D5C3F00473756 /* Freddy.framework in Frameworks */ = {isa = PBXBuildFile; fileRef = C5A66E441C6D5B3300473756 /* Freddy.framework */; };
		C5A66E771C6D5C4500473756 /* PKHUD.framework in Frameworks */ = {isa = PBXBuildFile; fileRef = C5A66E591C6D5B3E00473756 /* PKHUD.framework */; };
		C5A66E781C6D5C4C00473756 /* Starscream.framework in Frameworks */ = {isa = PBXBuildFile; fileRef = C5A66E641C6D5B4800473756 /* Starscream.framework */; };
		C5A66E7A1C6D5C6500473756 /* Freddy.framework in CopyFiles */ = {isa = PBXBuildFile; fileRef = C5A66E481C6D5B3300473756 /* Freddy.framework */; settings = {ATTRIBUTES = (CodeSignOnCopy, RemoveHeadersOnCopy, ); }; };
		C5A66E7D1C6D5C8100473756 /* PKHUD.framework in CopyFiles */ = {isa = PBXBuildFile; fileRef = C5A66E591C6D5B3E00473756 /* PKHUD.framework */; settings = {ATTRIBUTES = (CodeSignOnCopy, RemoveHeadersOnCopy, ); }; };
		C5A66E7E1C6D5C8500473756 /* Starscream.framework in CopyFiles */ = {isa = PBXBuildFile; fileRef = C5A66E641C6D5B4800473756 /* Starscream.framework */; settings = {ATTRIBUTES = (CodeSignOnCopy, RemoveHeadersOnCopy, ); }; };
		C5AB6DC81C78550900F6AA37 /* CGPoint+JSONDecodable.swift in Sources */ = {isa = PBXBuildFile; fileRef = C5AB6DC71C78550900F6AA37 /* CGPoint+JSONDecodable.swift */; };
		C5CAE3911C6FC8BF00640FDB /* Locksmith.framework in Frameworks */ = {isa = PBXBuildFile; fileRef = C5D5B42D1C6FC85A0079AF40 /* Locksmith.framework */; };
		C5CAE3921C6FC8CD00640FDB /* Locksmith.framework in CopyFiles */ = {isa = PBXBuildFile; fileRef = C5D5B42D1C6FC85A0079AF40 /* Locksmith.framework */; settings = {ATTRIBUTES = (CodeSignOnCopy, RemoveHeadersOnCopy, ); }; };
		C5CD14941C7A3D4E00EC8FD9 /* adbe.json in Resources */ = {isa = PBXBuildFile; fileRef = C5CD148C1C7A3D4E00EC8FD9 /* adbe.json */; };
		C5CD14951C7A3D4E00EC8FD9 /* amd.json in Resources */ = {isa = PBXBuildFile; fileRef = C5CD148D1C7A3D4E00EC8FD9 /* amd.json */; };
		C5CD14961C7A3D4E00EC8FD9 /* armh.json in Resources */ = {isa = PBXBuildFile; fileRef = C5CD148E1C7A3D4E00EC8FD9 /* armh.json */; };
		C5CD14971C7A3D4E00EC8FD9 /* asuuy.json in Resources */ = {isa = PBXBuildFile; fileRef = C5CD148F1C7A3D4E00EC8FD9 /* asuuy.json */; };
		C5CD14981C7A3D4E00EC8FD9 /* atml.json in Resources */ = {isa = PBXBuildFile; fileRef = C5CD14901C7A3D4E00EC8FD9 /* atml.json */; };
		C5CD14991C7A3D4E00EC8FD9 /* azddq.json in Resources */ = {isa = PBXBuildFile; fileRef = C5CD14911C7A3D4E00EC8FD9 /* azddq.json */; };
		C5CD149A1C7A3D4E00EC8FD9 /* brcm.json in Resources */ = {isa = PBXBuildFile; fileRef = C5CD14921C7A3D4E00EC8FD9 /* brcm.json */; };
		C5CD149B1C7A3D4E00EC8FD9 /* caj.json in Resources */ = {isa = PBXBuildFile; fileRef = C5CD14931C7A3D4E00EC8FD9 /* caj.json */; };
		C5CD14A91C7A3D6400EC8FD9 /* ddaif.json in Resources */ = {isa = PBXBuildFile; fileRef = C5CD149C1C7A3D6300EC8FD9 /* ddaif.json */; };
		C5CD14AA1C7A3D6400EC8FD9 /* emc.json in Resources */ = {isa = PBXBuildFile; fileRef = C5CD149D1C7A3D6300EC8FD9 /* emc.json */; };
		C5CD14AB1C7A3D6400EC8FD9 /* fb.json in Resources */ = {isa = PBXBuildFile; fileRef = C5CD149E1C7A3D6300EC8FD9 /* fb.json */; };
		C5CD14AC1C7A3D6400EC8FD9 /* ge.json in Resources */ = {isa = PBXBuildFile; fileRef = C5CD149F1C7A3D6300EC8FD9 /* ge.json */; };
		C5CD14AD1C7A3D6400EC8FD9 /* gm.json in Resources */ = {isa = PBXBuildFile; fileRef = C5CD14A01C7A3D6300EC8FD9 /* gm.json */; };
		C5CD14AE1C7A3D6400EC8FD9 /* gsit.json in Resources */ = {isa = PBXBuildFile; fileRef = C5CD14A11C7A3D6300EC8FD9 /* gsit.json */; };
		C5CD14AF1C7A3D6400EC8FD9 /* hpq.json in Resources */ = {isa = PBXBuildFile; fileRef = C5CD14A21C7A3D6300EC8FD9 /* hpq.json */; };
		C5CD14B01C7A3D6400EC8FD9 /* ibm.json in Resources */ = {isa = PBXBuildFile; fileRef = C5CD14A31C7A3D6300EC8FD9 /* ibm.json */; };
		C5CD14B11C7A3D6400EC8FD9 /* intc.json in Resources */ = {isa = PBXBuildFile; fileRef = C5CD14A41C7A3D6300EC8FD9 /* intc.json */; };
		C5CD14B21C7A3D6400EC8FD9 /* issi.json in Resources */ = {isa = PBXBuildFile; fileRef = C5CD14A51C7A3D6300EC8FD9 /* issi.json */; };
		C5CD14B31C7A3D6400EC8FD9 /* lnvgy.json in Resources */ = {isa = PBXBuildFile; fileRef = C5CD14A61C7A3D6300EC8FD9 /* lnvgy.json */; };
		C5CD14B41C7A3D6400EC8FD9 /* mu.json in Resources */ = {isa = PBXBuildFile; fileRef = C5CD14A71C7A3D6400EC8FD9 /* mu.json */; };
		C5CD14B51C7A3D6400EC8FD9 /* nvda.json in Resources */ = {isa = PBXBuildFile; fileRef = C5CD14A81C7A3D6400EC8FD9 /* nvda.json */; };
		C5CD14C01C7A3D7400EC8FD9 /* qcom.json in Resources */ = {isa = PBXBuildFile; fileRef = C5CD14B61C7A3D7400EC8FD9 /* qcom.json */; };
		C5CD14C11C7A3D7400EC8FD9 /* race.json in Resources */ = {isa = PBXBuildFile; fileRef = C5CD14B71C7A3D7400EC8FD9 /* race.json */; };
		C5CD14C21C7A3D7400EC8FD9 /* rmbs.json in Resources */ = {isa = PBXBuildFile; fileRef = C5CD14B81C7A3D7400EC8FD9 /* rmbs.json */; };
		C5CD14C31C7A3D7400EC8FD9 /* sndk.json in Resources */ = {isa = PBXBuildFile; fileRef = C5CD14B91C7A3D7400EC8FD9 /* sndk.json */; };
		C5CD14C41C7A3D7400EC8FD9 /* sne.json in Resources */ = {isa = PBXBuildFile; fileRef = C5CD14BA1C7A3D7400EC8FD9 /* sne.json */; };
		C5CD14C51C7A3D7400EC8FD9 /* szkmy.json in Resources */ = {isa = PBXBuildFile; fileRef = C5CD14BB1C7A3D7400EC8FD9 /* szkmy.json */; };
		C5CD14C61C7A3D7400EC8FD9 /* tsla.json in Resources */ = {isa = PBXBuildFile; fileRef = C5CD14BC1C7A3D7400EC8FD9 /* tsla.json */; };
		C5CD14C71C7A3D7400EC8FD9 /* txn.json in Resources */ = {isa = PBXBuildFile; fileRef = C5CD14BD1C7A3D7400EC8FD9 /* txn.json */; };
		C5CD14C81C7A3D7400EC8FD9 /* vz.json in Resources */ = {isa = PBXBuildFile; fileRef = C5CD14BE1C7A3D7400EC8FD9 /* vz.json */; };
		C5CD14C91C7A3D7400EC8FD9 /* xrx.json in Resources */ = {isa = PBXBuildFile; fileRef = C5CD14BF1C7A3D7400EC8FD9 /* xrx.json */; };
		C5F6867D1C276FF700FBC5DE /* ProcessTableViewController.swift in Sources */ = {isa = PBXBuildFile; fileRef = C5F6867C1C276FF700FBC5DE /* ProcessTableViewController.swift */; };
		C5F6867F1C27731B00FBC5DE /* ServerCell.swift in Sources */ = {isa = PBXBuildFile; fileRef = C5F6867E1C27731B00FBC5DE /* ServerCell.swift */; };
/* End PBXBuildFile section */

/* Begin PBXContainerItemProxy section */
		C52355AE1C7139EB0090AD91 /* PBXContainerItemProxy */ = {
			isa = PBXContainerItemProxy;
			containerPortal = C52355A51C7139EB0090AD91 /* SQLite.xcodeproj */;
			proxyType = 2;
			remoteGlobalIDString = EE247AD31C3F04ED00AE3E12;
			remoteInfo = "SQLite iOS";
		};
		C52355B01C7139EB0090AD91 /* PBXContainerItemProxy */ = {
			isa = PBXContainerItemProxy;
			containerPortal = C52355A51C7139EB0090AD91 /* SQLite.xcodeproj */;
			proxyType = 2;
			remoteGlobalIDString = EE247ADD1C3F04ED00AE3E12;
			remoteInfo = "SQLiteTests iOS";
		};
		C52355B21C7139EB0090AD91 /* PBXContainerItemProxy */ = {
			isa = PBXContainerItemProxy;
			containerPortal = C52355A51C7139EB0090AD91 /* SQLite.xcodeproj */;
			proxyType = 2;
			remoteGlobalIDString = EE247B3C1C3F3ED000AE3E12;
			remoteInfo = "SQLite Mac";
		};
		C52355B41C7139EB0090AD91 /* PBXContainerItemProxy */ = {
			isa = PBXContainerItemProxy;
			containerPortal = C52355A51C7139EB0090AD91 /* SQLite.xcodeproj */;
			proxyType = 2;
			remoteGlobalIDString = EE247B451C3F3ED000AE3E12;
			remoteInfo = "SQLiteTests Mac";
		};
		C52355B61C7139EB0090AD91 /* PBXContainerItemProxy */ = {
			isa = PBXContainerItemProxy;
			containerPortal = C52355A51C7139EB0090AD91 /* SQLite.xcodeproj */;
			proxyType = 2;
			remoteGlobalIDString = 03A65E5A1C6BB0F50062603F;
			remoteInfo = "SQLite tvOS";
		};
		C52355B81C7139EB0090AD91 /* PBXContainerItemProxy */ = {
			isa = PBXContainerItemProxy;
			containerPortal = C52355A51C7139EB0090AD91 /* SQLite.xcodeproj */;
			proxyType = 2;
			remoteGlobalIDString = 03A65E631C6BB0F60062603F;
			remoteInfo = "SQLiteTests tvOS";
		};
		C52355BA1C713A1C0090AD91 /* PBXContainerItemProxy */ = {
			isa = PBXContainerItemProxy;
			containerPortal = C52355A51C7139EB0090AD91 /* SQLite.xcodeproj */;
			proxyType = 1;
			remoteGlobalIDString = EE247AD21C3F04ED00AE3E12;
			remoteInfo = "SQLite iOS";
		};
		C5A2A4A71C27539C00439FE7 /* PBXContainerItemProxy */ = {
			isa = PBXContainerItemProxy;
			containerPortal = C5A2A48A1C27539C00439FE7 /* Project object */;
			proxyType = 1;
			remoteGlobalIDString = C5A2A4911C27539C00439FE7;
			remoteInfo = sremote;
		};
		C5A2A4B21C27539C00439FE7 /* PBXContainerItemProxy */ = {
			isa = PBXContainerItemProxy;
			containerPortal = C5A2A48A1C27539C00439FE7 /* Project object */;
			proxyType = 1;
			remoteGlobalIDString = C5A2A4911C27539C00439FE7;
			remoteInfo = sremote;
		};
		C5A66E431C6D5B3300473756 /* PBXContainerItemProxy */ = {
			isa = PBXContainerItemProxy;
			containerPortal = C5A66E391C6D5B3300473756 /* Freddy.xcodeproj */;
			proxyType = 2;
			remoteGlobalIDString = DB6ADF3E1C23612000D77BF1;
			remoteInfo = Freddy;
		};
		C5A66E451C6D5B3300473756 /* PBXContainerItemProxy */ = {
			isa = PBXContainerItemProxy;
			containerPortal = C5A66E391C6D5B3300473756 /* Freddy.xcodeproj */;
			proxyType = 2;
			remoteGlobalIDString = DB6ADF471C23612000D77BF1;
			remoteInfo = FreddyTests;
		};
		C5A66E471C6D5B3300473756 /* PBXContainerItemProxy */ = {
			isa = PBXContainerItemProxy;
			containerPortal = C5A66E391C6D5B3300473756 /* Freddy.xcodeproj */;
			proxyType = 2;
			remoteGlobalIDString = DB6ADF1F1C23610B00D77BF1;
			remoteInfo = MobileFreddy;
		};
		C5A66E491C6D5B3300473756 /* PBXContainerItemProxy */ = {
			isa = PBXContainerItemProxy;
			containerPortal = C5A66E391C6D5B3300473756 /* Freddy.xcodeproj */;
			proxyType = 2;
			remoteGlobalIDString = DB6ADF291C23610B00D77BF1;
			remoteInfo = MobileFreddyTests;
		};
		C5A66E4B1C6D5B3300473756 /* PBXContainerItemProxy */ = {
			isa = PBXContainerItemProxy;
			containerPortal = C5A66E391C6D5B3300473756 /* Freddy.xcodeproj */;
			proxyType = 2;
			remoteGlobalIDString = DB6ADF5A1C23612900D77BF1;
			remoteInfo = TVFreddy;
		};
		C5A66E4D1C6D5B3300473756 /* PBXContainerItemProxy */ = {
			isa = PBXContainerItemProxy;
			containerPortal = C5A66E391C6D5B3300473756 /* Freddy.xcodeproj */;
			proxyType = 2;
			remoteGlobalIDString = DB6ADF631C23612A00D77BF1;
			remoteInfo = TVFreddyTests;
		};
		C5A66E4F1C6D5B3300473756 /* PBXContainerItemProxy */ = {
			isa = PBXContainerItemProxy;
			containerPortal = C5A66E391C6D5B3300473756 /* Freddy.xcodeproj */;
			proxyType = 2;
			remoteGlobalIDString = DB6ADF761C23613200D77BF1;
			remoteInfo = NanoFreddy;
		};
		C5A66E561C6D5B3E00473756 /* PBXContainerItemProxy */ = {
			isa = PBXContainerItemProxy;
			containerPortal = C5A66E511C6D5B3D00473756 /* PKHUD.xcodeproj */;
			proxyType = 2;
			remoteGlobalIDString = F99631FC19514FAC001F73CA;
			remoteInfo = "PKHUD Demo";
		};
		C5A66E581C6D5B3E00473756 /* PBXContainerItemProxy */ = {
			isa = PBXContainerItemProxy;
			containerPortal = C5A66E511C6D5B3D00473756 /* PKHUD.xcodeproj */;
			proxyType = 2;
			remoteGlobalIDString = F996321E19514FD8001F73CA;
			remoteInfo = PKHUD;
		};
		C5A66E631C6D5B4800473756 /* PBXContainerItemProxy */ = {
			isa = PBXContainerItemProxy;
			containerPortal = C5A66E5A1C6D5B4800473756 /* Starscream.xcodeproj */;
			proxyType = 2;
			remoteGlobalIDString = 6B3E79E619D48B7F006071F7;
			remoteInfo = "Starscream iOS";
		};
		C5A66E651C6D5B4800473756 /* PBXContainerItemProxy */ = {
			isa = PBXContainerItemProxy;
			containerPortal = C5A66E5A1C6D5B4800473756 /* Starscream.xcodeproj */;
			proxyType = 2;
			remoteGlobalIDString = 6B3E79F119D48B7F006071F7;
			remoteInfo = "Starscream iOSTests";
		};
		C5A66E671C6D5B4800473756 /* PBXContainerItemProxy */ = {
			isa = PBXContainerItemProxy;
			containerPortal = C5A66E5A1C6D5B4800473756 /* Starscream.xcodeproj */;
			proxyType = 2;
			remoteGlobalIDString = D9C3E35F19E48FF1009FC285;
			remoteInfo = "Starscream OSX";
		};
		C5A66E691C6D5B4800473756 /* PBXContainerItemProxy */ = {
			isa = PBXContainerItemProxy;
			containerPortal = C5A66E5A1C6D5B4800473756 /* Starscream.xcodeproj */;
			proxyType = 2;
			remoteGlobalIDString = D9C3E36919E48FF1009FC285;
			remoteInfo = "Starscream OSXTests";
		};
		C5A66E6B1C6D5B4800473756 /* PBXContainerItemProxy */ = {
			isa = PBXContainerItemProxy;
			containerPortal = C5A66E5A1C6D5B4800473756 /* Starscream.xcodeproj */;
			proxyType = 2;
			remoteGlobalIDString = 091277971BD673A70003036D;
			remoteInfo = "Starscream tvOS";
		};
		C5A66E6D1C6D5B4800473756 /* PBXContainerItemProxy */ = {
			isa = PBXContainerItemProxy;
			containerPortal = C5A66E5A1C6D5B4800473756 /* Starscream.xcodeproj */;
			proxyType = 2;
			remoteGlobalIDString = 091277A01BD673A70003036D;
			remoteInfo = "Starscream tvOSTests";
		};
		C5A66E701C6D5C2600473756 /* PBXContainerItemProxy */ = {
			isa = PBXContainerItemProxy;
			containerPortal = C5A66E391C6D5B3300473756 /* Freddy.xcodeproj */;
			proxyType = 1;
			remoteGlobalIDString = DB6ADF1E1C23610B00D77BF1;
			remoteInfo = MobileFreddy;
		};
		C5A66E721C6D5C2B00473756 /* PBXContainerItemProxy */ = {
			isa = PBXContainerItemProxy;
			containerPortal = C5A66E511C6D5B3D00473756 /* PKHUD.xcodeproj */;
			proxyType = 1;
			remoteGlobalIDString = F996321D19514FD8001F73CA;
			remoteInfo = PKHUD;
		};
		C5A66E741C6D5C3100473756 /* PBXContainerItemProxy */ = {
			isa = PBXContainerItemProxy;
			containerPortal = C5A66E5A1C6D5B4800473756 /* Starscream.xcodeproj */;
			proxyType = 1;
			remoteGlobalIDString = 6B3E79E519D48B7F006071F7;
			remoteInfo = "Starscream iOS";
		};
		C5CAE37D1C6FC8B500640FDB /* PBXContainerItemProxy */ = {
			isa = PBXContainerItemProxy;
			containerPortal = C5D5B41D1C6FC85A0079AF40 /* Locksmith.xcodeproj */;
			proxyType = 1;
			remoteGlobalIDString = 0EC25C581BA385AA004191AF;
			remoteInfo = "Locksmith iOS";
		};
		C5D5B42C1C6FC85A0079AF40 /* PBXContainerItemProxy */ = {
			isa = PBXContainerItemProxy;
			containerPortal = C5D5B41D1C6FC85A0079AF40 /* Locksmith.xcodeproj */;
			proxyType = 2;
			remoteGlobalIDString = 0EC25C591BA385AA004191AF;
			remoteInfo = "Locksmith iOS";
		};
		C5D5B42E1C6FC85A0079AF40 /* PBXContainerItemProxy */ = {
			isa = PBXContainerItemProxy;
			containerPortal = C5D5B41D1C6FC85A0079AF40 /* Locksmith.xcodeproj */;
			proxyType = 2;
			remoteGlobalIDString = 0EC25C621BA385AB004191AF;
			remoteInfo = "Locksmith iOS Tests";
		};
		C5D5B4301C6FC85A0079AF40 /* PBXContainerItemProxy */ = {
			isa = PBXContainerItemProxy;
			containerPortal = C5D5B41D1C6FC85A0079AF40 /* Locksmith.xcodeproj */;
			proxyType = 2;
			remoteGlobalIDString = 0EC25C751BA385F6004191AF;
			remoteInfo = "Locksmith OS X";
		};
		C5D5B4321C6FC85A0079AF40 /* PBXContainerItemProxy */ = {
			isa = PBXContainerItemProxy;
			containerPortal = C5D5B41D1C6FC85A0079AF40 /* Locksmith.xcodeproj */;
			proxyType = 2;
			remoteGlobalIDString = 0EC25C7E1BA385F6004191AF;
			remoteInfo = "Locksmith OS X Tests";
		};
		C5D5B4341C6FC85A0079AF40 /* PBXContainerItemProxy */ = {
			isa = PBXContainerItemProxy;
			containerPortal = C5D5B41D1C6FC85A0079AF40 /* Locksmith.xcodeproj */;
			proxyType = 2;
			remoteGlobalIDString = 0EC25CA71BA39C9F004191AF;
			remoteInfo = "Locksmith watchOS";
		};
		C5D5B4361C6FC85A0079AF40 /* PBXContainerItemProxy */ = {
			isa = PBXContainerItemProxy;
			containerPortal = C5D5B41D1C6FC85A0079AF40 /* Locksmith.xcodeproj */;
			proxyType = 2;
			remoteGlobalIDString = FBD0C9491C1866BE00291F2A;
			remoteInfo = "Locksmith tvOS";
		};
/* End PBXContainerItemProxy section */

/* Begin PBXCopyFilesBuildPhase section */
		C5A66E6F1C6D5C1700473756 /* CopyFiles */ = {
			isa = PBXCopyFilesBuildPhase;
			buildActionMask = 2147483647;
			dstPath = "";
			dstSubfolderSpec = 10;
			files = (
				C52355BD1C713A360090AD91 /* SQLite.framework in CopyFiles */,
				C5CAE3921C6FC8CD00640FDB /* Locksmith.framework in CopyFiles */,
				C5A66E7A1C6D5C6500473756 /* Freddy.framework in CopyFiles */,
				C5A66E7D1C6D5C8100473756 /* PKHUD.framework in CopyFiles */,
				C5A66E7E1C6D5C8500473756 /* Starscream.framework in CopyFiles */,
			);
			runOnlyForDeploymentPostprocessing = 0;
		};
/* End PBXCopyFilesBuildPhase section */

/* Begin PBXFileReference section */
		C5173EF81C2A642500D6C0CB /* Settings.bundle */ = {isa = PBXFileReference; lastKnownFileType = "wrapper.plug-in"; path = Settings.bundle; sourceTree = "<group>"; };
		C52311F31C404A4B001AD21A /* BadgeLabel.swift */ = {isa = PBXFileReference; fileEncoding = 4; lastKnownFileType = sourcecode.swift; path = BadgeLabel.swift; sourceTree = "<group>"; };
		C52355A51C7139EB0090AD91 /* SQLite.xcodeproj */ = {isa = PBXFileReference; lastKnownFileType = "wrapper.pb-project"; name = SQLite.xcodeproj; path = SQLite/SQLite.xcodeproj; sourceTree = "<group>"; };
		C52355C01C71A6C70090AD91 /* Server.swift */ = {isa = PBXFileReference; fileEncoding = 4; lastKnownFileType = sourcecode.swift; path = Server.swift; sourceTree = "<group>"; };
		C52355C21C726B190090AD91 /* Process.swift */ = {isa = PBXFileReference; fileEncoding = 4; lastKnownFileType = sourcecode.swift; path = Process.swift; sourceTree = "<group>"; };
		C52355C51C7275870090AD91 /* sample.JSON */ = {isa = PBXFileReference; fileEncoding = 4; lastKnownFileType = text.json; path = sample.JSON; sourceTree = "<group>"; };
		C52355C71C7277160090AD91 /* ServerProcessTests.swift */ = {isa = PBXFileReference; fileEncoding = 4; lastKnownFileType = sourcecode.swift; path = ServerProcessTests.swift; sourceTree = "<group>"; };
		C52355CA1C727F390090AD91 /* Persist.swift */ = {isa = PBXFileReference; fileEncoding = 4; lastKnownFileType = sourcecode.swift; path = Persist.swift; sourceTree = "<group>"; };
		C52355CC1C7280420090AD91 /* Migrations.swift */ = {isa = PBXFileReference; fileEncoding = 4; lastKnownFileType = sourcecode.swift; path = Migrations.swift; sourceTree = "<group>"; };
		C52355CE1C72A1000090AD91 /* ConnectionManager.swift */ = {isa = PBXFileReference; fileEncoding = 4; lastKnownFileType = sourcecode.swift; path = ConnectionManager.swift; sourceTree = "<group>"; };
		C55A02B61C6D949D002B68DA /* InputCell.swift */ = {isa = PBXFileReference; fileEncoding = 4; lastKnownFileType = sourcecode.swift; name = InputCell.swift; path = ../InputCell.swift; sourceTree = "<group>"; };
		C563215F1C500B6100BBE4BE /* Theme.swift */ = {isa = PBXFileReference; fileEncoding = 4; lastKnownFileType = sourcecode.swift; path = Theme.swift; sourceTree = "<group>"; };
		C56321621C500C0D00BBE4BE /* LightTheme.swift */ = {isa = PBXFileReference; fileEncoding = 4; lastKnownFileType = sourcecode.swift; path = LightTheme.swift; sourceTree = "<group>"; };
		C56321641C500C1900BBE4BE /* DarkTheme.swift */ = {isa = PBXFileReference; fileEncoding = 4; lastKnownFileType = sourcecode.swift; path = DarkTheme.swift; sourceTree = "<group>"; };
		C56321661C500D9C00BBE4BE /* ThemeFactory.swift */ = {isa = PBXFileReference; fileEncoding = 4; lastKnownFileType = sourcecode.swift; path = ThemeFactory.swift; sourceTree = "<group>"; };
		C56321681C502EEB00BBE4BE /* Themeable.swift */ = {isa = PBXFileReference; fileEncoding = 4; lastKnownFileType = sourcecode.swift; path = Themeable.swift; sourceTree = "<group>"; };
		C5653B971C30BF1300087D48 /* SampleData.swift */ = {isa = PBXFileReference; fileEncoding = 4; lastKnownFileType = sourcecode.swift; path = SampleData.swift; sourceTree = "<group>"; };
		C5653B991C335A3700087D48 /* Constants.swift */ = {isa = PBXFileReference; fileEncoding = 4; lastKnownFileType = sourcecode.swift; path = Constants.swift; sourceTree = "<group>"; };
		C5653B9B1C3362D800087D48 /* UIColor+Colors.swift */ = {isa = PBXFileReference; fileEncoding = 4; lastKnownFileType = sourcecode.swift; path = "UIColor+Colors.swift"; sourceTree = "<group>"; };
		C57C60F81C74C41D00B03657 /* ProcessDetailViewController.swift */ = {isa = PBXFileReference; fileEncoding = 4; lastKnownFileType = sourcecode.swift; path = ProcessDetailViewController.swift; sourceTree = "<group>"; };
		C57C61101C74F63600B03657 /* BankGothicBold.ttf */ = {isa = PBXFileReference; lastKnownFileType = file; path = BankGothicBold.ttf; sourceTree = "<group>"; };
		C57C61131C751A3300B03657 /* ThumbnailGraph.swift */ = {isa = PBXFileReference; fileEncoding = 4; lastKnownFileType = sourcecode.swift; path = ThumbnailGraph.swift; sourceTree = "<group>"; };
		C57C61151C76EC0100B03657 /* Utilities.swift */ = {isa = PBXFileReference; fileEncoding = 4; lastKnownFileType = sourcecode.swift; path = Utilities.swift; sourceTree = "<group>"; };
		C57C61221C78411600B03657 /* aapl.json */ = {isa = PBXFileReference; fileEncoding = 4; lastKnownFileType = text.json; path = aapl.json; sourceTree = "<group>"; };
		C57C61231C78411600B03657 /* crm.json */ = {isa = PBXFileReference; fileEncoding = 4; lastKnownFileType = text.json; path = crm.json; sourceTree = "<group>"; };
		C57C61241C78411600B03657 /* msft.json */ = {isa = PBXFileReference; fileEncoding = 4; lastKnownFileType = text.json; path = msft.json; sourceTree = "<group>"; };
		C57C61251C78411600B03657 /* orcl.json */ = {isa = PBXFileReference; fileEncoding = 4; lastKnownFileType = text.json; path = orcl.json; sourceTree = "<group>"; };
		C57C61261C78411600B03657 /* yhoo.json */ = {isa = PBXFileReference; fileEncoding = 4; lastKnownFileType = text.json; path = yhoo.json; sourceTree = "<group>"; };
		C58453701C73CDB100EFD7CE /* ProcessCell.swift */ = {isa = PBXFileReference; fileEncoding = 4; lastKnownFileType = sourcecode.swift; path = ProcessCell.swift; sourceTree = "<group>"; };
		C59C6FE11C27660A00B082F6 /* ServerListTableViewController.swift */ = {isa = PBXFileReference; fileEncoding = 4; lastKnownFileType = sourcecode.swift; path = ServerListTableViewController.swift; sourceTree = "<group>"; };
		C5A2A4921C27539C00439FE7 /* sremote.app */ = {isa = PBXFileReference; explicitFileType = wrapper.application; includeInIndex = 0; path = sremote.app; sourceTree = BUILT_PRODUCTS_DIR; };
		C5A2A4951C27539C00439FE7 /* AppDelegate.swift */ = {isa = PBXFileReference; lastKnownFileType = sourcecode.swift; path = AppDelegate.swift; sourceTree = "<group>"; };
		C5A2A49A1C27539C00439FE7 /* Base */ = {isa = PBXFileReference; lastKnownFileType = file.storyboard; name = Base; path = Base.lproj/Main.storyboard; sourceTree = "<group>"; };
		C5A2A49C1C27539C00439FE7 /* Assets.xcassets */ = {isa = PBXFileReference; lastKnownFileType = folder.assetcatalog; path = Assets.xcassets; sourceTree = "<group>"; };
		C5A2A49F1C27539C00439FE7 /* Base */ = {isa = PBXFileReference; lastKnownFileType = file.storyboard; name = Base; path = Base.lproj/LaunchScreen.storyboard; sourceTree = "<group>"; };
		C5A2A4A11C27539C00439FE7 /* Info.plist */ = {isa = PBXFileReference; lastKnownFileType = text.plist.xml; path = Info.plist; sourceTree = "<group>"; };
		C5A2A4A61C27539C00439FE7 /* sremote.xctest */ = {isa = PBXFileReference; explicitFileType = wrapper.cfbundle; includeInIndex = 0; path = sremote.xctest; sourceTree = BUILT_PRODUCTS_DIR; };
		C5A2A4AA1C27539C00439FE7 /* sremoteTests.swift */ = {isa = PBXFileReference; lastKnownFileType = sourcecode.swift; path = sremoteTests.swift; sourceTree = "<group>"; };
		C5A2A4AC1C27539C00439FE7 /* Info.plist */ = {isa = PBXFileReference; lastKnownFileType = text.plist.xml; path = Info.plist; sourceTree = "<group>"; };
		C5A2A4B11C27539C00439FE7 /* sremote.xctest */ = {isa = PBXFileReference; explicitFileType = wrapper.cfbundle; includeInIndex = 0; path = sremote.xctest; sourceTree = BUILT_PRODUCTS_DIR; };
		C5A2A4B51C27539C00439FE7 /* sremoteUITests.swift */ = {isa = PBXFileReference; lastKnownFileType = sourcecode.swift; path = sremoteUITests.swift; sourceTree = "<group>"; };
		C5A2A4B71C27539C00439FE7 /* Info.plist */ = {isa = PBXFileReference; lastKnownFileType = text.plist.xml; path = Info.plist; sourceTree = "<group>"; };
		C5A2A4C31C27599D00439FE7 /* ServerEntryViewController.swift */ = {isa = PBXFileReference; fileEncoding = 4; lastKnownFileType = sourcecode.swift; path = ServerEntryViewController.swift; sourceTree = "<group>"; };
		C5A66E391C6D5B3300473756 /* Freddy.xcodeproj */ = {isa = PBXFileReference; lastKnownFileType = "wrapper.pb-project"; name = Freddy.xcodeproj; path = Freddy/Freddy.xcodeproj; sourceTree = "<group>"; };
		C5A66E511C6D5B3D00473756 /* PKHUD.xcodeproj */ = {isa = PBXFileReference; lastKnownFileType = "wrapper.pb-project"; name = PKHUD.xcodeproj; path = PKHUD/PKHUD.xcodeproj; sourceTree = "<group>"; };
		C5A66E5A1C6D5B4800473756 /* Starscream.xcodeproj */ = {isa = PBXFileReference; lastKnownFileType = "wrapper.pb-project"; name = Starscream.xcodeproj; path = Starscream/Starscream.xcodeproj; sourceTree = "<group>"; };
		C5AB6DC71C78550900F6AA37 /* CGPoint+JSONDecodable.swift */ = {isa = PBXFileReference; fileEncoding = 4; lastKnownFileType = sourcecode.swift; path = "CGPoint+JSONDecodable.swift"; sourceTree = "<group>"; };
		C5CD148C1C7A3D4E00EC8FD9 /* adbe.json */ = {isa = PBXFileReference; fileEncoding = 4; lastKnownFileType = text.json; path = adbe.json; sourceTree = "<group>"; };
		C5CD148D1C7A3D4E00EC8FD9 /* amd.json */ = {isa = PBXFileReference; fileEncoding = 4; lastKnownFileType = text.json; path = amd.json; sourceTree = "<group>"; };
		C5CD148E1C7A3D4E00EC8FD9 /* armh.json */ = {isa = PBXFileReference; fileEncoding = 4; lastKnownFileType = text.json; path = armh.json; sourceTree = "<group>"; };
		C5CD148F1C7A3D4E00EC8FD9 /* asuuy.json */ = {isa = PBXFileReference; fileEncoding = 4; lastKnownFileType = text.json; path = asuuy.json; sourceTree = "<group>"; };
		C5CD14901C7A3D4E00EC8FD9 /* atml.json */ = {isa = PBXFileReference; fileEncoding = 4; lastKnownFileType = text.json; path = atml.json; sourceTree = "<group>"; };
		C5CD14911C7A3D4E00EC8FD9 /* azddq.json */ = {isa = PBXFileReference; fileEncoding = 4; lastKnownFileType = text.json; path = azddq.json; sourceTree = "<group>"; };
		C5CD14921C7A3D4E00EC8FD9 /* brcm.json */ = {isa = PBXFileReference; fileEncoding = 4; lastKnownFileType = text.json; path = brcm.json; sourceTree = "<group>"; };
		C5CD14931C7A3D4E00EC8FD9 /* caj.json */ = {isa = PBXFileReference; fileEncoding = 4; lastKnownFileType = text.json; path = caj.json; sourceTree = "<group>"; };
		C5CD149C1C7A3D6300EC8FD9 /* ddaif.json */ = {isa = PBXFileReference; fileEncoding = 4; lastKnownFileType = text.json; path = ddaif.json; sourceTree = "<group>"; };
		C5CD149D1C7A3D6300EC8FD9 /* emc.json */ = {isa = PBXFileReference; fileEncoding = 4; lastKnownFileType = text.json; path = emc.json; sourceTree = "<group>"; };
		C5CD149E1C7A3D6300EC8FD9 /* fb.json */ = {isa = PBXFileReference; fileEncoding = 4; lastKnownFileType = text.json; path = fb.json; sourceTree = "<group>"; };
		C5CD149F1C7A3D6300EC8FD9 /* ge.json */ = {isa = PBXFileReference; fileEncoding = 4; lastKnownFileType = text.json; path = ge.json; sourceTree = "<group>"; };
		C5CD14A01C7A3D6300EC8FD9 /* gm.json */ = {isa = PBXFileReference; fileEncoding = 4; lastKnownFileType = text.json; path = gm.json; sourceTree = "<group>"; };
		C5CD14A11C7A3D6300EC8FD9 /* gsit.json */ = {isa = PBXFileReference; fileEncoding = 4; lastKnownFileType = text.json; path = gsit.json; sourceTree = "<group>"; };
		C5CD14A21C7A3D6300EC8FD9 /* hpq.json */ = {isa = PBXFileReference; fileEncoding = 4; lastKnownFileType = text.json; path = hpq.json; sourceTree = "<group>"; };
		C5CD14A31C7A3D6300EC8FD9 /* ibm.json */ = {isa = PBXFileReference; fileEncoding = 4; lastKnownFileType = text.json; path = ibm.json; sourceTree = "<group>"; };
		C5CD14A41C7A3D6300EC8FD9 /* intc.json */ = {isa = PBXFileReference; fileEncoding = 4; lastKnownFileType = text.json; path = intc.json; sourceTree = "<group>"; };
		C5CD14A51C7A3D6300EC8FD9 /* issi.json */ = {isa = PBXFileReference; fileEncoding = 4; lastKnownFileType = text.json; path = issi.json; sourceTree = "<group>"; };
		C5CD14A61C7A3D6300EC8FD9 /* lnvgy.json */ = {isa = PBXFileReference; fileEncoding = 4; lastKnownFileType = text.json; path = lnvgy.json; sourceTree = "<group>"; };
		C5CD14A71C7A3D6400EC8FD9 /* mu.json */ = {isa = PBXFileReference; fileEncoding = 4; lastKnownFileType = text.json; path = mu.json; sourceTree = "<group>"; };
		C5CD14A81C7A3D6400EC8FD9 /* nvda.json */ = {isa = PBXFileReference; fileEncoding = 4; lastKnownFileType = text.json; path = nvda.json; sourceTree = "<group>"; };
		C5CD14B61C7A3D7400EC8FD9 /* qcom.json */ = {isa = PBXFileReference; fileEncoding = 4; lastKnownFileType = text.json; path = qcom.json; sourceTree = "<group>"; };
		C5CD14B71C7A3D7400EC8FD9 /* race.json */ = {isa = PBXFileReference; fileEncoding = 4; lastKnownFileType = text.json; path = race.json; sourceTree = "<group>"; };
		C5CD14B81C7A3D7400EC8FD9 /* rmbs.json */ = {isa = PBXFileReference; fileEncoding = 4; lastKnownFileType = text.json; path = rmbs.json; sourceTree = "<group>"; };
		C5CD14B91C7A3D7400EC8FD9 /* sndk.json */ = {isa = PBXFileReference; fileEncoding = 4; lastKnownFileType = text.json; path = sndk.json; sourceTree = "<group>"; };
		C5CD14BA1C7A3D7400EC8FD9 /* sne.json */ = {isa = PBXFileReference; fileEncoding = 4; lastKnownFileType = text.json; path = sne.json; sourceTree = "<group>"; };
		C5CD14BB1C7A3D7400EC8FD9 /* szkmy.json */ = {isa = PBXFileReference; fileEncoding = 4; lastKnownFileType = text.json; path = szkmy.json; sourceTree = "<group>"; };
		C5CD14BC1C7A3D7400EC8FD9 /* tsla.json */ = {isa = PBXFileReference; fileEncoding = 4; lastKnownFileType = text.json; path = tsla.json; sourceTree = "<group>"; };
		C5CD14BD1C7A3D7400EC8FD9 /* txn.json */ = {isa = PBXFileReference; fileEncoding = 4; lastKnownFileType = text.json; path = txn.json; sourceTree = "<group>"; };
		C5CD14BE1C7A3D7400EC8FD9 /* vz.json */ = {isa = PBXFileReference; fileEncoding = 4; lastKnownFileType = text.json; path = vz.json; sourceTree = "<group>"; };
		C5CD14BF1C7A3D7400EC8FD9 /* xrx.json */ = {isa = PBXFileReference; fileEncoding = 4; lastKnownFileType = text.json; path = xrx.json; sourceTree = "<group>"; };
		C5D5B41D1C6FC85A0079AF40 /* Locksmith.xcodeproj */ = {isa = PBXFileReference; lastKnownFileType = "wrapper.pb-project"; name = Locksmith.xcodeproj; path = Locksmith/Locksmith.xcodeproj; sourceTree = "<group>"; };
		C5F6867C1C276FF700FBC5DE /* ProcessTableViewController.swift */ = {isa = PBXFileReference; fileEncoding = 4; lastKnownFileType = sourcecode.swift; path = ProcessTableViewController.swift; sourceTree = "<group>"; };
		C5F6867E1C27731B00FBC5DE /* ServerCell.swift */ = {isa = PBXFileReference; fileEncoding = 4; lastKnownFileType = sourcecode.swift; path = ServerCell.swift; sourceTree = "<group>"; };
/* End PBXFileReference section */

/* Begin PBXFrameworksBuildPhase section */
		C5A2A48F1C27539C00439FE7 /* Frameworks */ = {
			isa = PBXFrameworksBuildPhase;
			buildActionMask = 2147483647;
			files = (
				C52355BC1C713A260090AD91 /* SQLite.framework in Frameworks */,
				C5CAE3911C6FC8BF00640FDB /* Locksmith.framework in Frameworks */,
				C5A66E761C6D5C3F00473756 /* Freddy.framework in Frameworks */,
				C5A66E771C6D5C4500473756 /* PKHUD.framework in Frameworks */,
				C5A66E781C6D5C4C00473756 /* Starscream.framework in Frameworks */,
			);
			runOnlyForDeploymentPostprocessing = 0;
		};
		C5A2A4A31C27539C00439FE7 /* Frameworks */ = {
			isa = PBXFrameworksBuildPhase;
			buildActionMask = 2147483647;
			files = (
			);
			runOnlyForDeploymentPostprocessing = 0;
		};
		C5A2A4AE1C27539C00439FE7 /* Frameworks */ = {
			isa = PBXFrameworksBuildPhase;
			buildActionMask = 2147483647;
			files = (
			);
			runOnlyForDeploymentPostprocessing = 0;
		};
/* End PBXFrameworksBuildPhase section */

/* Begin PBXGroup section */
		C52355A61C7139EB0090AD91 /* Products */ = {
			isa = PBXGroup;
			children = (
				C52355AF1C7139EB0090AD91 /* SQLite.framework */,
				C52355B11C7139EB0090AD91 /* SQLiteTests iOS.xctest */,
				C52355B31C7139EB0090AD91 /* SQLite.framework */,
				C52355B51C7139EB0090AD91 /* SQLiteTests Mac.xctest */,
				C52355B71C7139EB0090AD91 /* SQLite.framework */,
				C52355B91C7139EB0090AD91 /* SQLiteTests tvOS.xctest */,
			);
			name = Products;
			sourceTree = "<group>";
		};
		C52355C41C72755C0090AD91 /* Fixtures */ = {
			isa = PBXGroup;
			children = (
				C52355C51C7275870090AD91 /* sample.JSON */,
			);
			name = Fixtures;
			sourceTree = "<group>";
		};
		C52355C91C727F0F0090AD91 /* Persistence */ = {
			isa = PBXGroup;
			children = (
				C52355C01C71A6C70090AD91 /* Server.swift */,
				C52355C21C726B190090AD91 /* Process.swift */,
				C52355CA1C727F390090AD91 /* Persist.swift */,
				C52355CC1C7280420090AD91 /* Migrations.swift */,
				C52355CE1C72A1000090AD91 /* ConnectionManager.swift */,
			);
			name = Persistence;
			sourceTree = "<group>";
		};
		C56321611C500BF900BBE4BE /* Themes */ = {
			isa = PBXGroup;
			children = (
				C563215F1C500B6100BBE4BE /* Theme.swift */,
				C56321621C500C0D00BBE4BE /* LightTheme.swift */,
				C56321641C500C1900BBE4BE /* DarkTheme.swift */,
				C56321661C500D9C00BBE4BE /* ThemeFactory.swift */,
				C56321681C502EEB00BBE4BE /* Themeable.swift */,
			);
			name = Themes;
			sourceTree = "<group>";
		};
		C57C61121C74F64400B03657 /* Fonts */ = {
			isa = PBXGroup;
			children = (
				C57C61101C74F63600B03657 /* BankGothicBold.ttf */,
			);
			name = Fonts;
			sourceTree = "<group>";
		};
		C57C61211C783FE200B03657 /* json */ = {
			isa = PBXGroup;
			children = (
				C5CD148C1C7A3D4E00EC8FD9 /* adbe.json */,
				C5CD148D1C7A3D4E00EC8FD9 /* amd.json */,
				C5CD148E1C7A3D4E00EC8FD9 /* armh.json */,
				C5CD148F1C7A3D4E00EC8FD9 /* asuuy.json */,
				C5CD14901C7A3D4E00EC8FD9 /* atml.json */,
				C5CD14911C7A3D4E00EC8FD9 /* azddq.json */,
				C5CD14921C7A3D4E00EC8FD9 /* brcm.json */,
				C5CD14931C7A3D4E00EC8FD9 /* caj.json */,
				C5CD149C1C7A3D6300EC8FD9 /* ddaif.json */,
				C5CD149D1C7A3D6300EC8FD9 /* emc.json */,
				C5CD149E1C7A3D6300EC8FD9 /* fb.json */,
				C5CD149F1C7A3D6300EC8FD9 /* ge.json */,
				C5CD14A01C7A3D6300EC8FD9 /* gm.json */,
				C5CD14A11C7A3D6300EC8FD9 /* gsit.json */,
				C5CD14A21C7A3D6300EC8FD9 /* hpq.json */,
				C5CD14A31C7A3D6300EC8FD9 /* ibm.json */,
				C5CD14A41C7A3D6300EC8FD9 /* intc.json */,
				C5CD14A51C7A3D6300EC8FD9 /* issi.json */,
				C5CD14A61C7A3D6300EC8FD9 /* lnvgy.json */,
				C5CD14A71C7A3D6400EC8FD9 /* mu.json */,
				C5CD14A81C7A3D6400EC8FD9 /* nvda.json */,
				C5CD14B61C7A3D7400EC8FD9 /* qcom.json */,
				C5CD14B71C7A3D7400EC8FD9 /* race.json */,
				C5CD14B81C7A3D7400EC8FD9 /* rmbs.json */,
				C5CD14B91C7A3D7400EC8FD9 /* sndk.json */,
				C5CD14BA1C7A3D7400EC8FD9 /* sne.json */,
				C5CD14BB1C7A3D7400EC8FD9 /* szkmy.json */,
				C5CD14BC1C7A3D7400EC8FD9 /* tsla.json */,
				C5CD14BD1C7A3D7400EC8FD9 /* txn.json */,
				C5CD14BE1C7A3D7400EC8FD9 /* vz.json */,
				C5CD14BF1C7A3D7400EC8FD9 /* xrx.json */,
				C57C61221C78411600B03657 /* aapl.json */,
				C57C61231C78411600B03657 /* crm.json */,
				C57C61241C78411600B03657 /* msft.json */,
				C57C61251C78411600B03657 /* orcl.json */,
				C57C61261C78411600B03657 /* yhoo.json */,
			);
			name = json;
			sourceTree = "<group>";
		};
		C5A2A4891C27539C00439FE7 = {
			isa = PBXGroup;
			children = (
				C5A66E391C6D5B3300473756 /* Freddy.xcodeproj */,
				C5A66E511C6D5B3D00473756 /* PKHUD.xcodeproj */,
				C5D5B41D1C6FC85A0079AF40 /* Locksmith.xcodeproj */,
				C5A66E5A1C6D5B4800473756 /* Starscream.xcodeproj */,
				C52355A51C7139EB0090AD91 /* SQLite.xcodeproj */,
				C5A2A4941C27539C00439FE7 /* sremote */,
				C5A2A4A91C27539C00439FE7 /* sremoteTests */,
				C5A2A4B41C27539C00439FE7 /* sremoteUITests */,
				C5A2A4931C27539C00439FE7 /* Products */,
			);
			sourceTree = "<group>";
		};
		C5A2A4931C27539C00439FE7 /* Products */ = {
			isa = PBXGroup;
			children = (
				C5A2A4921C27539C00439FE7 /* sremote.app */,
				C5A2A4A61C27539C00439FE7 /* sremote.xctest */,
				C5A2A4B11C27539C00439FE7 /* sremote.xctest */,
			);
			name = Products;
			sourceTree = "<group>";
		};
		C5A2A4941C27539C00439FE7 /* sremote */ = {
			isa = PBXGroup;
			children = (
				C5AB6DDF1C78555100F6AA37 /* extensions */,
				C57C61211C783FE200B03657 /* json */,
				C57C61121C74F64400B03657 /* Fonts */,
				C52355C91C727F0F0090AD91 /* Persistence */,
				C56321611C500BF900BBE4BE /* Themes */,
				C5A2A4951C27539C00439FE7 /* AppDelegate.swift */,
				C5A2A4991C27539C00439FE7 /* Main.storyboard */,
				C5A2A49C1C27539C00439FE7 /* Assets.xcassets */,
				C5A2A49E1C27539C00439FE7 /* LaunchScreen.storyboard */,
				C5A2A4A11C27539C00439FE7 /* Info.plist */,
				C5653B971C30BF1300087D48 /* SampleData.swift */,
				C5A2A4C31C27599D00439FE7 /* ServerEntryViewController.swift */,
				C59C6FE11C27660A00B082F6 /* ServerListTableViewController.swift */,
				C5F6867C1C276FF700FBC5DE /* ProcessTableViewController.swift */,
				C57C60F81C74C41D00B03657 /* ProcessDetailViewController.swift */,
				C5F6867E1C27731B00FBC5DE /* ServerCell.swift */,
				C58453701C73CDB100EFD7CE /* ProcessCell.swift */,
				C55A02B61C6D949D002B68DA /* InputCell.swift */,
				C5173EF81C2A642500D6C0CB /* Settings.bundle */,
				C5653B991C335A3700087D48 /* Constants.swift */,
				C52311F31C404A4B001AD21A /* BadgeLabel.swift */,
				C57C61131C751A3300B03657 /* ThumbnailGraph.swift */,
				C57C61151C76EC0100B03657 /* Utilities.swift */,
			);
			path = sremote;
			sourceTree = "<group>";
		};
		C5A2A4A91C27539C00439FE7 /* sremoteTests */ = {
			isa = PBXGroup;
			children = (
				C52355C41C72755C0090AD91 /* Fixtures */,
				C5A2A4AA1C27539C00439FE7 /* sremoteTests.swift */,
				C5A2A4AC1C27539C00439FE7 /* Info.plist */,
				C52355C71C7277160090AD91 /* ServerProcessTests.swift */,
			);
			path = sremoteTests;
			sourceTree = "<group>";
		};
		C5A2A4B41C27539C00439FE7 /* sremoteUITests */ = {
			isa = PBXGroup;
			children = (
				C5A2A4B51C27539C00439FE7 /* sremoteUITests.swift */,
				C5A2A4B71C27539C00439FE7 /* Info.plist */,
			);
			path = sremoteUITests;
			sourceTree = "<group>";
		};
		C5A66E3A1C6D5B3300473756 /* Products */ = {
			isa = PBXGroup;
			children = (
				C5A66E441C6D5B3300473756 /* Freddy.framework */,
				C5A66E461C6D5B3300473756 /* FreddyTests.xctest */,
				C5A66E481C6D5B3300473756 /* Freddy.framework */,
				C5A66E4A1C6D5B3300473756 /* MobileFreddyTests.xctest */,
				C5A66E4C1C6D5B3300473756 /* Freddy.framework */,
				C5A66E4E1C6D5B3300473756 /* TVFreddyTests.xctest */,
				C5A66E501C6D5B3300473756 /* Freddy.framework */,
			);
			name = Products;
			sourceTree = "<group>";
		};
		C5A66E521C6D5B3D00473756 /* Products */ = {
			isa = PBXGroup;
			children = (
				C5A66E571C6D5B3E00473756 /* PKHUD Demo.app */,
				C5A66E591C6D5B3E00473756 /* PKHUD.framework */,
			);
			name = Products;
			sourceTree = "<group>";
		};
		C5A66E5B1C6D5B4800473756 /* Products */ = {
			isa = PBXGroup;
			children = (
				C5A66E641C6D5B4800473756 /* Starscream.framework */,
				C5A66E661C6D5B4800473756 /* Starscream iOSTests.xctest */,
				C5A66E681C6D5B4800473756 /* Starscream.framework */,
				C5A66E6A1C6D5B4800473756 /* Starscream OSXTests.xctest */,
				C5A66E6C1C6D5B4800473756 /* Starscream.framework */,
				C5A66E6E1C6D5B4800473756 /* Starscream tvOSTests.xctest */,
			);
			name = Products;
			sourceTree = "<group>";
		};
		C5AB6DDF1C78555100F6AA37 /* extensions */ = {
			isa = PBXGroup;
			children = (
				C5653B9B1C3362D800087D48 /* UIColor+Colors.swift */,
				C5AB6DC71C78550900F6AA37 /* CGPoint+JSONDecodable.swift */,
			);
			name = extensions;
			sourceTree = "<group>";
		};
		C5D5B41E1C6FC85A0079AF40 /* Products */ = {
			isa = PBXGroup;
			children = (
				C5D5B42D1C6FC85A0079AF40 /* Locksmith.framework */,
				C5D5B42F1C6FC85A0079AF40 /* Locksmith iOS Tests.xctest */,
				C5D5B4311C6FC85A0079AF40 /* Locksmith.framework */,
				C5D5B4331C6FC85A0079AF40 /* Locksmith OS X Tests.xctest */,
				C5D5B4351C6FC85A0079AF40 /* Locksmith.framework */,
				C5D5B4371C6FC85A0079AF40 /* Locksmith.framework */,
			);
			name = Products;
			sourceTree = "<group>";
		};
/* End PBXGroup section */

/* Begin PBXNativeTarget section */
		C5A2A4911C27539C00439FE7 /* sremote */ = {
			isa = PBXNativeTarget;
			buildConfigurationList = C5A2A4BA1C27539C00439FE7 /* Build configuration list for PBXNativeTarget "sremote" */;
			buildPhases = (
				C5A2A48E1C27539C00439FE7 /* Sources */,
				C5A2A48F1C27539C00439FE7 /* Frameworks */,
				C5A2A4901C27539C00439FE7 /* Resources */,
				C5A66E6F1C6D5C1700473756 /* CopyFiles */,
			);
			buildRules = (
			);
			dependencies = (
				C52355BB1C713A1C0090AD91 /* PBXTargetDependency */,
				C5CAE37E1C6FC8B500640FDB /* PBXTargetDependency */,
				C5A66E751C6D5C3100473756 /* PBXTargetDependency */,
				C5A66E731C6D5C2B00473756 /* PBXTargetDependency */,
				C5A66E711C6D5C2600473756 /* PBXTargetDependency */,
			);
			name = sremote;
			productName = sremote;
			productReference = C5A2A4921C27539C00439FE7 /* sremote.app */;
			productType = "com.apple.product-type.application";
		};
		C5A2A4A51C27539C00439FE7 /* sremoteTests */ = {
			isa = PBXNativeTarget;
			buildConfigurationList = C5A2A4BD1C27539C00439FE7 /* Build configuration list for PBXNativeTarget "sremoteTests" */;
			buildPhases = (
				C5A2A4A21C27539C00439FE7 /* Sources */,
				C5A2A4A31C27539C00439FE7 /* Frameworks */,
				C5A2A4A41C27539C00439FE7 /* Resources */,
			);
			buildRules = (
			);
			dependencies = (
				C5A2A4A81C27539C00439FE7 /* PBXTargetDependency */,
			);
			name = sremoteTests;
			productName = sremoteTests;
			productReference = C5A2A4A61C27539C00439FE7 /* sremote.xctest */;
			productType = "com.apple.product-type.bundle.unit-test";
		};
		C5A2A4B01C27539C00439FE7 /* sremoteUITests */ = {
			isa = PBXNativeTarget;
			buildConfigurationList = C5A2A4C01C27539C00439FE7 /* Build configuration list for PBXNativeTarget "sremoteUITests" */;
			buildPhases = (
				C5A2A4AD1C27539C00439FE7 /* Sources */,
				C5A2A4AE1C27539C00439FE7 /* Frameworks */,
				C5A2A4AF1C27539C00439FE7 /* Resources */,
			);
			buildRules = (
			);
			dependencies = (
				C5A2A4B31C27539C00439FE7 /* PBXTargetDependency */,
			);
			name = sremoteUITests;
			productName = sremoteUITests;
			productReference = C5A2A4B11C27539C00439FE7 /* sremote.xctest */;
			productType = "com.apple.product-type.bundle.ui-testing";
		};
/* End PBXNativeTarget section */

/* Begin PBXProject section */
		C5A2A48A1C27539C00439FE7 /* Project object */ = {
			isa = PBXProject;
			attributes = {
				LastSwiftUpdateCheck = 0720;
				LastUpgradeCheck = 0720;
				ORGANIZATIONNAME = "SilverFern Systems, Inc";
				TargetAttributes = {
					C5A2A4911C27539C00439FE7 = {
						CreatedOnToolsVersion = 7.2;
						DevelopmentTeam = 8AZ65GL76M;
					};
					C5A2A4A51C27539C00439FE7 = {
						CreatedOnToolsVersion = 7.2;
						DevelopmentTeam = 8AZ65GL76M;
						TestTargetID = C5A2A4911C27539C00439FE7;
					};
					C5A2A4B01C27539C00439FE7 = {
						CreatedOnToolsVersion = 7.2;
						DevelopmentTeam = 8AZ65GL76M;
						TestTargetID = C5A2A4911C27539C00439FE7;
					};
				};
			};
			buildConfigurationList = C5A2A48D1C27539C00439FE7 /* Build configuration list for PBXProject "sremote" */;
			compatibilityVersion = "Xcode 3.2";
			developmentRegion = English;
			hasScannedForEncodings = 0;
			knownRegions = (
				en,
				Base,
			);
			mainGroup = C5A2A4891C27539C00439FE7;
			productRefGroup = C5A2A4931C27539C00439FE7 /* Products */;
			projectDirPath = "";
			projectReferences = (
				{
					ProductGroup = C5A66E3A1C6D5B3300473756 /* Products */;
					ProjectRef = C5A66E391C6D5B3300473756 /* Freddy.xcodeproj */;
				},
				{
					ProductGroup = C5D5B41E1C6FC85A0079AF40 /* Products */;
					ProjectRef = C5D5B41D1C6FC85A0079AF40 /* Locksmith.xcodeproj */;
				},
				{
					ProductGroup = C5A66E521C6D5B3D00473756 /* Products */;
					ProjectRef = C5A66E511C6D5B3D00473756 /* PKHUD.xcodeproj */;
				},
				{
					ProductGroup = C52355A61C7139EB0090AD91 /* Products */;
					ProjectRef = C52355A51C7139EB0090AD91 /* SQLite.xcodeproj */;
				},
				{
					ProductGroup = C5A66E5B1C6D5B4800473756 /* Products */;
					ProjectRef = C5A66E5A1C6D5B4800473756 /* Starscream.xcodeproj */;
				},
			);
			projectRoot = "";
			targets = (
				C5A2A4911C27539C00439FE7 /* sremote */,
				C5A2A4A51C27539C00439FE7 /* sremoteTests */,
				C5A2A4B01C27539C00439FE7 /* sremoteUITests */,
			);
		};
/* End PBXProject section */

/* Begin PBXReferenceProxy section */
		C52355AF1C7139EB0090AD91 /* SQLite.framework */ = {
			isa = PBXReferenceProxy;
			fileType = wrapper.framework;
			path = SQLite.framework;
			remoteRef = C52355AE1C7139EB0090AD91 /* PBXContainerItemProxy */;
			sourceTree = BUILT_PRODUCTS_DIR;
		};
		C52355B11C7139EB0090AD91 /* SQLiteTests iOS.xctest */ = {
			isa = PBXReferenceProxy;
			fileType = wrapper.cfbundle;
			path = "SQLiteTests iOS.xctest";
			remoteRef = C52355B01C7139EB0090AD91 /* PBXContainerItemProxy */;
			sourceTree = BUILT_PRODUCTS_DIR;
		};
		C52355B31C7139EB0090AD91 /* SQLite.framework */ = {
			isa = PBXReferenceProxy;
			fileType = wrapper.framework;
			path = SQLite.framework;
			remoteRef = C52355B21C7139EB0090AD91 /* PBXContainerItemProxy */;
			sourceTree = BUILT_PRODUCTS_DIR;
		};
		C52355B51C7139EB0090AD91 /* SQLiteTests Mac.xctest */ = {
			isa = PBXReferenceProxy;
			fileType = wrapper.cfbundle;
			path = "SQLiteTests Mac.xctest";
			remoteRef = C52355B41C7139EB0090AD91 /* PBXContainerItemProxy */;
			sourceTree = BUILT_PRODUCTS_DIR;
		};
		C52355B71C7139EB0090AD91 /* SQLite.framework */ = {
			isa = PBXReferenceProxy;
			fileType = wrapper.framework;
			path = SQLite.framework;
			remoteRef = C52355B61C7139EB0090AD91 /* PBXContainerItemProxy */;
			sourceTree = BUILT_PRODUCTS_DIR;
		};
		C52355B91C7139EB0090AD91 /* SQLiteTests tvOS.xctest */ = {
			isa = PBXReferenceProxy;
			fileType = wrapper.cfbundle;
			path = "SQLiteTests tvOS.xctest";
			remoteRef = C52355B81C7139EB0090AD91 /* PBXContainerItemProxy */;
			sourceTree = BUILT_PRODUCTS_DIR;
		};
		C5A66E441C6D5B3300473756 /* Freddy.framework */ = {
			isa = PBXReferenceProxy;
			fileType = wrapper.framework;
			path = Freddy.framework;
			remoteRef = C5A66E431C6D5B3300473756 /* PBXContainerItemProxy */;
			sourceTree = BUILT_PRODUCTS_DIR;
		};
		C5A66E461C6D5B3300473756 /* FreddyTests.xctest */ = {
			isa = PBXReferenceProxy;
			fileType = wrapper.cfbundle;
			path = FreddyTests.xctest;
			remoteRef = C5A66E451C6D5B3300473756 /* PBXContainerItemProxy */;
			sourceTree = BUILT_PRODUCTS_DIR;
		};
		C5A66E481C6D5B3300473756 /* Freddy.framework */ = {
			isa = PBXReferenceProxy;
			fileType = wrapper.framework;
			path = Freddy.framework;
			remoteRef = C5A66E471C6D5B3300473756 /* PBXContainerItemProxy */;
			sourceTree = BUILT_PRODUCTS_DIR;
		};
		C5A66E4A1C6D5B3300473756 /* MobileFreddyTests.xctest */ = {
			isa = PBXReferenceProxy;
			fileType = wrapper.cfbundle;
			path = MobileFreddyTests.xctest;
			remoteRef = C5A66E491C6D5B3300473756 /* PBXContainerItemProxy */;
			sourceTree = BUILT_PRODUCTS_DIR;
		};
		C5A66E4C1C6D5B3300473756 /* Freddy.framework */ = {
			isa = PBXReferenceProxy;
			fileType = wrapper.framework;
			path = Freddy.framework;
			remoteRef = C5A66E4B1C6D5B3300473756 /* PBXContainerItemProxy */;
			sourceTree = BUILT_PRODUCTS_DIR;
		};
		C5A66E4E1C6D5B3300473756 /* TVFreddyTests.xctest */ = {
			isa = PBXReferenceProxy;
			fileType = wrapper.cfbundle;
			path = TVFreddyTests.xctest;
			remoteRef = C5A66E4D1C6D5B3300473756 /* PBXContainerItemProxy */;
			sourceTree = BUILT_PRODUCTS_DIR;
		};
		C5A66E501C6D5B3300473756 /* Freddy.framework */ = {
			isa = PBXReferenceProxy;
			fileType = wrapper.framework;
			path = Freddy.framework;
			remoteRef = C5A66E4F1C6D5B3300473756 /* PBXContainerItemProxy */;
			sourceTree = BUILT_PRODUCTS_DIR;
		};
		C5A66E571C6D5B3E00473756 /* PKHUD Demo.app */ = {
			isa = PBXReferenceProxy;
			fileType = wrapper.application;
			path = "PKHUD Demo.app";
			remoteRef = C5A66E561C6D5B3E00473756 /* PBXContainerItemProxy */;
			sourceTree = BUILT_PRODUCTS_DIR;
		};
		C5A66E591C6D5B3E00473756 /* PKHUD.framework */ = {
			isa = PBXReferenceProxy;
			fileType = wrapper.framework;
			path = PKHUD.framework;
			remoteRef = C5A66E581C6D5B3E00473756 /* PBXContainerItemProxy */;
			sourceTree = BUILT_PRODUCTS_DIR;
		};
		C5A66E641C6D5B4800473756 /* Starscream.framework */ = {
			isa = PBXReferenceProxy;
			fileType = wrapper.framework;
			path = Starscream.framework;
			remoteRef = C5A66E631C6D5B4800473756 /* PBXContainerItemProxy */;
			sourceTree = BUILT_PRODUCTS_DIR;
		};
		C5A66E661C6D5B4800473756 /* Starscream iOSTests.xctest */ = {
			isa = PBXReferenceProxy;
			fileType = wrapper.cfbundle;
			path = "Starscream iOSTests.xctest";
			remoteRef = C5A66E651C6D5B4800473756 /* PBXContainerItemProxy */;
			sourceTree = BUILT_PRODUCTS_DIR;
		};
		C5A66E681C6D5B4800473756 /* Starscream.framework */ = {
			isa = PBXReferenceProxy;
			fileType = wrapper.framework;
			path = Starscream.framework;
			remoteRef = C5A66E671C6D5B4800473756 /* PBXContainerItemProxy */;
			sourceTree = BUILT_PRODUCTS_DIR;
		};
		C5A66E6A1C6D5B4800473756 /* Starscream OSXTests.xctest */ = {
			isa = PBXReferenceProxy;
			fileType = wrapper.cfbundle;
			path = "Starscream OSXTests.xctest";
			remoteRef = C5A66E691C6D5B4800473756 /* PBXContainerItemProxy */;
			sourceTree = BUILT_PRODUCTS_DIR;
		};
		C5A66E6C1C6D5B4800473756 /* Starscream.framework */ = {
			isa = PBXReferenceProxy;
			fileType = wrapper.framework;
			path = Starscream.framework;
			remoteRef = C5A66E6B1C6D5B4800473756 /* PBXContainerItemProxy */;
			sourceTree = BUILT_PRODUCTS_DIR;
		};
		C5A66E6E1C6D5B4800473756 /* Starscream tvOSTests.xctest */ = {
			isa = PBXReferenceProxy;
			fileType = wrapper.cfbundle;
			path = "Starscream tvOSTests.xctest";
			remoteRef = C5A66E6D1C6D5B4800473756 /* PBXContainerItemProxy */;
			sourceTree = BUILT_PRODUCTS_DIR;
		};
		C5D5B42D1C6FC85A0079AF40 /* Locksmith.framework */ = {
			isa = PBXReferenceProxy;
			fileType = wrapper.framework;
			path = Locksmith.framework;
			remoteRef = C5D5B42C1C6FC85A0079AF40 /* PBXContainerItemProxy */;
			sourceTree = BUILT_PRODUCTS_DIR;
		};
		C5D5B42F1C6FC85A0079AF40 /* Locksmith iOS Tests.xctest */ = {
			isa = PBXReferenceProxy;
			fileType = wrapper.cfbundle;
			path = "Locksmith iOS Tests.xctest";
			remoteRef = C5D5B42E1C6FC85A0079AF40 /* PBXContainerItemProxy */;
			sourceTree = BUILT_PRODUCTS_DIR;
		};
		C5D5B4311C6FC85A0079AF40 /* Locksmith.framework */ = {
			isa = PBXReferenceProxy;
			fileType = wrapper.framework;
			path = Locksmith.framework;
			remoteRef = C5D5B4301C6FC85A0079AF40 /* PBXContainerItemProxy */;
			sourceTree = BUILT_PRODUCTS_DIR;
		};
		C5D5B4331C6FC85A0079AF40 /* Locksmith OS X Tests.xctest */ = {
			isa = PBXReferenceProxy;
			fileType = wrapper.cfbundle;
			path = "Locksmith OS X Tests.xctest";
			remoteRef = C5D5B4321C6FC85A0079AF40 /* PBXContainerItemProxy */;
			sourceTree = BUILT_PRODUCTS_DIR;
		};
		C5D5B4351C6FC85A0079AF40 /* Locksmith.framework */ = {
			isa = PBXReferenceProxy;
			fileType = wrapper.framework;
			path = Locksmith.framework;
			remoteRef = C5D5B4341C6FC85A0079AF40 /* PBXContainerItemProxy */;
			sourceTree = BUILT_PRODUCTS_DIR;
		};
		C5D5B4371C6FC85A0079AF40 /* Locksmith.framework */ = {
			isa = PBXReferenceProxy;
			fileType = wrapper.framework;
			path = Locksmith.framework;
			remoteRef = C5D5B4361C6FC85A0079AF40 /* PBXContainerItemProxy */;
			sourceTree = BUILT_PRODUCTS_DIR;
		};
/* End PBXReferenceProxy section */

/* Begin PBXResourcesBuildPhase section */
		C5A2A4901C27539C00439FE7 /* Resources */ = {
			isa = PBXResourcesBuildPhase;
			buildActionMask = 2147483647;
			files = (
				C5CD14AE1C7A3D6400EC8FD9 /* gsit.json in Resources */,
				C5CD14C01C7A3D7400EC8FD9 /* qcom.json in Resources */,
				C5CD14C41C7A3D7400EC8FD9 /* sne.json in Resources */,
				C5CD14C61C7A3D7400EC8FD9 /* tsla.json in Resources */,
				C5CD14941C7A3D4E00EC8FD9 /* adbe.json in Resources */,
				C5CD14A91C7A3D6400EC8FD9 /* ddaif.json in Resources */,
				C5CD14C11C7A3D7400EC8FD9 /* race.json in Resources */,
				C5173EF91C2A642500D6C0CB /* Settings.bundle in Resources */,
				C5CD14C51C7A3D7400EC8FD9 /* szkmy.json in Resources */,
				C5CD149B1C7A3D4E00EC8FD9 /* caj.json in Resources */,
				C5CD14B31C7A3D6400EC8FD9 /* lnvgy.json in Resources */,
				C5CD14951C7A3D4E00EC8FD9 /* amd.json in Resources */,
				C5A2A4A01C27539C00439FE7 /* LaunchScreen.storyboard in Resources */,
				C5CD14B51C7A3D6400EC8FD9 /* nvda.json in Resources */,
				C5CD14AB1C7A3D6400EC8FD9 /* fb.json in Resources */,
				C5CD14B41C7A3D6400EC8FD9 /* mu.json in Resources */,
				C57C61111C74F63600B03657 /* BankGothicBold.ttf in Resources */,
				C5CD14961C7A3D4E00EC8FD9 /* armh.json in Resources */,
				C5CD149A1C7A3D4E00EC8FD9 /* brcm.json in Resources */,
				C5CD14991C7A3D4E00EC8FD9 /* azddq.json in Resources */,
				C5CD14B01C7A3D6400EC8FD9 /* ibm.json in Resources */,
				C5CD14C91C7A3D7400EC8FD9 /* xrx.json in Resources */,
				C57C61291C78411600B03657 /* msft.json in Resources */,
				C5CD14981C7A3D4E00EC8FD9 /* atml.json in Resources */,
				C5CD14C81C7A3D7400EC8FD9 /* vz.json in Resources */,
				C5A2A49D1C27539C00439FE7 /* Assets.xcassets in Resources */,
				C5CD14AA1C7A3D6400EC8FD9 /* emc.json in Resources */,
				C5CD14B21C7A3D6400EC8FD9 /* issi.json in Resources */,
				C5CD14B11C7A3D6400EC8FD9 /* intc.json in Resources */,
				C5A2A49B1C27539C00439FE7 /* Main.storyboard in Resources */,
				C57C612B1C78411600B03657 /* yhoo.json in Resources */,
				C5CD14AC1C7A3D6400EC8FD9 /* ge.json in Resources */,
				C5CD14C21C7A3D7400EC8FD9 /* rmbs.json in Resources */,
				C57C61271C78411600B03657 /* aapl.json in Resources */,
				C57C612A1C78411600B03657 /* orcl.json in Resources */,
				C5CD14C31C7A3D7400EC8FD9 /* sndk.json in Resources */,
				C57C61281C78411600B03657 /* crm.json in Resources */,
				C5CD14C71C7A3D7400EC8FD9 /* txn.json in Resources */,
				C5CD14AD1C7A3D6400EC8FD9 /* gm.json in Resources */,
				C5CD14AF1C7A3D6400EC8FD9 /* hpq.json in Resources */,
				C5CD14971C7A3D4E00EC8FD9 /* asuuy.json in Resources */,
			);
			runOnlyForDeploymentPostprocessing = 0;
		};
		C5A2A4A41C27539C00439FE7 /* Resources */ = {
			isa = PBXResourcesBuildPhase;
			buildActionMask = 2147483647;
			files = (
				C52355C61C7275870090AD91 /* sample.JSON in Resources */,
			);
			runOnlyForDeploymentPostprocessing = 0;
		};
		C5A2A4AF1C27539C00439FE7 /* Resources */ = {
			isa = PBXResourcesBuildPhase;
			buildActionMask = 2147483647;
			files = (
			);
			runOnlyForDeploymentPostprocessing = 0;
		};
/* End PBXResourcesBuildPhase section */

/* Begin PBXSourcesBuildPhase section */
		C5A2A48E1C27539C00439FE7 /* Sources */ = {
			isa = PBXSourcesBuildPhase;
			buildActionMask = 2147483647;
			files = (
				C52355CD1C7280420090AD91 /* Migrations.swift in Sources */,
				C59C6FE21C27660A00B082F6 /* ServerListTableViewController.swift in Sources */,
				C5A2A4C41C27599D00439FE7 /* ServerEntryViewController.swift in Sources */,
				C52311F41C404A4B001AD21A /* BadgeLabel.swift in Sources */,
				C52355C31C726B190090AD91 /* Process.swift in Sources */,
				C56321601C500B6100BBE4BE /* Theme.swift in Sources */,
				C57C61161C76EC0100B03657 /* Utilities.swift in Sources */,
				C52355CB1C727F390090AD91 /* Persist.swift in Sources */,
				C56321651C500C1900BBE4BE /* DarkTheme.swift in Sources */,
				C56321691C502EEB00BBE4BE /* Themeable.swift in Sources */,
				C52355CF1C72A1000090AD91 /* ConnectionManager.swift in Sources */,
				C5A2A4961C27539C00439FE7 /* AppDelegate.swift in Sources */,
				C5F6867F1C27731B00FBC5DE /* ServerCell.swift in Sources */,
				C5F6867D1C276FF700FBC5DE /* ProcessTableViewController.swift in Sources */,
				C55A02B71C6D949D002B68DA /* InputCell.swift in Sources */,
				C5653B9C1C3362D800087D48 /* UIColor+Colors.swift in Sources */,
				C5AB6DC81C78550900F6AA37 /* CGPoint+JSONDecodable.swift in Sources */,
				C5653B981C30BF1300087D48 /* SampleData.swift in Sources */,
				C58453711C73CDB100EFD7CE /* ProcessCell.swift in Sources */,
				C57C60F91C74C41D00B03657 /* ProcessDetailViewController.swift in Sources */,
				C56321631C500C0D00BBE4BE /* LightTheme.swift in Sources */,
				C57C61141C751A3300B03657 /* ThumbnailGraph.swift in Sources */,
				C52355C11C71A6C70090AD91 /* Server.swift in Sources */,
				C5653B9A1C335A3700087D48 /* Constants.swift in Sources */,
				C56321671C500D9C00BBE4BE /* ThemeFactory.swift in Sources */,
			);
			runOnlyForDeploymentPostprocessing = 0;
		};
		C5A2A4A21C27539C00439FE7 /* Sources */ = {
			isa = PBXSourcesBuildPhase;
			buildActionMask = 2147483647;
			files = (
				C52355C81C7277160090AD91 /* ServerProcessTests.swift in Sources */,
				C5A2A4AB1C27539C00439FE7 /* sremoteTests.swift in Sources */,
			);
			runOnlyForDeploymentPostprocessing = 0;
		};
		C5A2A4AD1C27539C00439FE7 /* Sources */ = {
			isa = PBXSourcesBuildPhase;
			buildActionMask = 2147483647;
			files = (
				C5A2A4B61C27539C00439FE7 /* sremoteUITests.swift in Sources */,
			);
			runOnlyForDeploymentPostprocessing = 0;
		};
/* End PBXSourcesBuildPhase section */

/* Begin PBXTargetDependency section */
		C52355BB1C713A1C0090AD91 /* PBXTargetDependency */ = {
			isa = PBXTargetDependency;
			name = "SQLite iOS";
			targetProxy = C52355BA1C713A1C0090AD91 /* PBXContainerItemProxy */;
		};
		C5A2A4A81C27539C00439FE7 /* PBXTargetDependency */ = {
			isa = PBXTargetDependency;
			target = C5A2A4911C27539C00439FE7 /* sremote */;
			targetProxy = C5A2A4A71C27539C00439FE7 /* PBXContainerItemProxy */;
		};
		C5A2A4B31C27539C00439FE7 /* PBXTargetDependency */ = {
			isa = PBXTargetDependency;
			target = C5A2A4911C27539C00439FE7 /* sremote */;
			targetProxy = C5A2A4B21C27539C00439FE7 /* PBXContainerItemProxy */;
		};
		C5A66E711C6D5C2600473756 /* PBXTargetDependency */ = {
			isa = PBXTargetDependency;
			name = MobileFreddy;
			targetProxy = C5A66E701C6D5C2600473756 /* PBXContainerItemProxy */;
		};
		C5A66E731C6D5C2B00473756 /* PBXTargetDependency */ = {
			isa = PBXTargetDependency;
			name = PKHUD;
			targetProxy = C5A66E721C6D5C2B00473756 /* PBXContainerItemProxy */;
		};
		C5A66E751C6D5C3100473756 /* PBXTargetDependency */ = {
			isa = PBXTargetDependency;
			name = "Starscream iOS";
			targetProxy = C5A66E741C6D5C3100473756 /* PBXContainerItemProxy */;
		};
		C5CAE37E1C6FC8B500640FDB /* PBXTargetDependency */ = {
			isa = PBXTargetDependency;
			name = "Locksmith iOS";
			targetProxy = C5CAE37D1C6FC8B500640FDB /* PBXContainerItemProxy */;
		};
/* End PBXTargetDependency section */

/* Begin PBXVariantGroup section */
		C5A2A4991C27539C00439FE7 /* Main.storyboard */ = {
			isa = PBXVariantGroup;
			children = (
				C5A2A49A1C27539C00439FE7 /* Base */,
			);
			name = Main.storyboard;
			sourceTree = "<group>";
		};
		C5A2A49E1C27539C00439FE7 /* LaunchScreen.storyboard */ = {
			isa = PBXVariantGroup;
			children = (
				C5A2A49F1C27539C00439FE7 /* Base */,
			);
			name = LaunchScreen.storyboard;
			sourceTree = "<group>";
		};
/* End PBXVariantGroup section */

/* Begin XCBuildConfiguration section */
		C5A2A4B81C27539C00439FE7 /* Debug */ = {
			isa = XCBuildConfiguration;
			buildSettings = {
				ALWAYS_SEARCH_USER_PATHS = NO;
				CLANG_CXX_LANGUAGE_STANDARD = "gnu++0x";
				CLANG_CXX_LIBRARY = "libc++";
				CLANG_ENABLE_MODULES = YES;
				CLANG_ENABLE_OBJC_ARC = YES;
				CLANG_WARN_BOOL_CONVERSION = YES;
				CLANG_WARN_CONSTANT_CONVERSION = YES;
				CLANG_WARN_DIRECT_OBJC_ISA_USAGE = YES_ERROR;
				CLANG_WARN_EMPTY_BODY = YES;
				CLANG_WARN_ENUM_CONVERSION = YES;
				CLANG_WARN_INT_CONVERSION = YES;
				CLANG_WARN_OBJC_ROOT_CLASS = YES_ERROR;
				CLANG_WARN_UNREACHABLE_CODE = YES;
				CLANG_WARN__DUPLICATE_METHOD_MATCH = YES;
				"CODE_SIGN_IDENTITY[sdk=iphoneos*]" = "iPhone Developer";
				COPY_PHASE_STRIP = NO;
				DEBUG_INFORMATION_FORMAT = dwarf;
				ENABLE_STRICT_OBJC_MSGSEND = YES;
				ENABLE_TESTABILITY = YES;
				GCC_C_LANGUAGE_STANDARD = gnu99;
				GCC_DYNAMIC_NO_PIC = NO;
				GCC_NO_COMMON_BLOCKS = YES;
				GCC_OPTIMIZATION_LEVEL = 0;
				GCC_PREPROCESSOR_DEFINITIONS = (
					"DEBUG=1",
					"$(inherited)",
				);
				GCC_WARN_64_TO_32_BIT_CONVERSION = YES;
				GCC_WARN_ABOUT_RETURN_TYPE = YES_ERROR;
				GCC_WARN_UNDECLARED_SELECTOR = YES;
				GCC_WARN_UNINITIALIZED_AUTOS = YES_AGGRESSIVE;
				GCC_WARN_UNUSED_FUNCTION = YES;
				GCC_WARN_UNUSED_VARIABLE = YES;
				IPHONEOS_DEPLOYMENT_TARGET = 9.2;
				MTL_ENABLE_DEBUG_INFO = YES;
				ONLY_ACTIVE_ARCH = YES;
				SDKROOT = iphoneos;
				SWIFT_OPTIMIZATION_LEVEL = "-Onone";
			};
			name = Debug;
		};
		C5A2A4B91C27539C00439FE7 /* Release */ = {
			isa = XCBuildConfiguration;
			buildSettings = {
				ALWAYS_SEARCH_USER_PATHS = NO;
				CLANG_CXX_LANGUAGE_STANDARD = "gnu++0x";
				CLANG_CXX_LIBRARY = "libc++";
				CLANG_ENABLE_MODULES = YES;
				CLANG_ENABLE_OBJC_ARC = YES;
				CLANG_WARN_BOOL_CONVERSION = YES;
				CLANG_WARN_CONSTANT_CONVERSION = YES;
				CLANG_WARN_DIRECT_OBJC_ISA_USAGE = YES_ERROR;
				CLANG_WARN_EMPTY_BODY = YES;
				CLANG_WARN_ENUM_CONVERSION = YES;
				CLANG_WARN_INT_CONVERSION = YES;
				CLANG_WARN_OBJC_ROOT_CLASS = YES_ERROR;
				CLANG_WARN_UNREACHABLE_CODE = YES;
				CLANG_WARN__DUPLICATE_METHOD_MATCH = YES;
				"CODE_SIGN_IDENTITY[sdk=iphoneos*]" = "iPhone Developer";
				COPY_PHASE_STRIP = NO;
				DEBUG_INFORMATION_FORMAT = "dwarf-with-dsym";
				ENABLE_NS_ASSERTIONS = NO;
				ENABLE_STRICT_OBJC_MSGSEND = YES;
				GCC_C_LANGUAGE_STANDARD = gnu99;
				GCC_NO_COMMON_BLOCKS = YES;
				GCC_WARN_64_TO_32_BIT_CONVERSION = YES;
				GCC_WARN_ABOUT_RETURN_TYPE = YES_ERROR;
				GCC_WARN_UNDECLARED_SELECTOR = YES;
				GCC_WARN_UNINITIALIZED_AUTOS = YES_AGGRESSIVE;
				GCC_WARN_UNUSED_FUNCTION = YES;
				GCC_WARN_UNUSED_VARIABLE = YES;
				IPHONEOS_DEPLOYMENT_TARGET = 9.2;
				MTL_ENABLE_DEBUG_INFO = NO;
				SDKROOT = iphoneos;
				VALIDATE_PRODUCT = YES;
			};
			name = Release;
		};
		C5A2A4BB1C27539C00439FE7 /* Debug */ = {
			isa = XCBuildConfiguration;
			buildSettings = {
				ASSETCATALOG_COMPILER_APPICON_NAME = AppIcon;
				INFOPLIST_FILE = sremote/Info.plist;
				LD_RUNPATH_SEARCH_PATHS = "$(inherited) @executable_path/Frameworks";
				PRODUCT_BUNDLE_IDENTIFIER = io.silverfern.sremote;
				PRODUCT_NAME = sremote;
			};
			name = Debug;
		};
		C5A2A4BC1C27539C00439FE7 /* Release */ = {
			isa = XCBuildConfiguration;
			buildSettings = {
				ASSETCATALOG_COMPILER_APPICON_NAME = AppIcon;
				INFOPLIST_FILE = sremote/Info.plist;
				LD_RUNPATH_SEARCH_PATHS = "$(inherited) @executable_path/Frameworks";
				PRODUCT_BUNDLE_IDENTIFIER = io.silverfern.sremote;
				PRODUCT_NAME = sremote;
			};
			name = Release;
		};
		C5A2A4BE1C27539C00439FE7 /* Debug */ = {
			isa = XCBuildConfiguration;
			buildSettings = {
				BUNDLE_LOADER = "$(TEST_HOST)";
				INFOPLIST_FILE = sremoteTests/Info.plist;
				LD_RUNPATH_SEARCH_PATHS = "$(inherited) @executable_path/Frameworks @loader_path/Frameworks";
				PRODUCT_BUNDLE_IDENTIFIER = io.silverfern.sremoteTests;
				PRODUCT_NAME = sremote;
				TEST_HOST = "$(BUILT_PRODUCTS_DIR)/sremote.app/sremote";
			};
			name = Debug;
		};
		C5A2A4BF1C27539C00439FE7 /* Release */ = {
			isa = XCBuildConfiguration;
			buildSettings = {
				BUNDLE_LOADER = "$(TEST_HOST)";
				INFOPLIST_FILE = sremoteTests/Info.plist;
				LD_RUNPATH_SEARCH_PATHS = "$(inherited) @executable_path/Frameworks @loader_path/Frameworks";
				PRODUCT_BUNDLE_IDENTIFIER = io.silverfern.sremoteTests;
				PRODUCT_NAME = sremote;
				TEST_HOST = "$(BUILT_PRODUCTS_DIR)/sremote.app/sremote";
			};
			name = Release;
		};
		C5A2A4C11C27539C00439FE7 /* Debug */ = {
			isa = XCBuildConfiguration;
			buildSettings = {
				INFOPLIST_FILE = sremoteUITests/Info.plist;
				LD_RUNPATH_SEARCH_PATHS = "$(inherited) @executable_path/Frameworks @loader_path/Frameworks";
				PRODUCT_BUNDLE_IDENTIFIER = io.silverfern.sremoteUITests;
				PRODUCT_NAME = sremote;
				TEST_TARGET_NAME = sremote;
				USES_XCTRUNNER = YES;
			};
			name = Debug;
		};
		C5A2A4C21C27539C00439FE7 /* Release */ = {
			isa = XCBuildConfiguration;
			buildSettings = {
				INFOPLIST_FILE = sremoteUITests/Info.plist;
				LD_RUNPATH_SEARCH_PATHS = "$(inherited) @executable_path/Frameworks @loader_path/Frameworks";
				PRODUCT_BUNDLE_IDENTIFIER = io.silverfern.sremoteUITests;
				PRODUCT_NAME = sremote;
				TEST_TARGET_NAME = sremote;
				USES_XCTRUNNER = YES;
			};
			name = Release;
		};
/* End XCBuildConfiguration section */

/* Begin XCConfigurationList section */
		C5A2A48D1C27539C00439FE7 /* Build configuration list for PBXProject "sremote" */ = {
			isa = XCConfigurationList;
			buildConfigurations = (
				C5A2A4B81C27539C00439FE7 /* Debug */,
				C5A2A4B91C27539C00439FE7 /* Release */,
			);
			defaultConfigurationIsVisible = 0;
			defaultConfigurationName = Release;
		};
		C5A2A4BA1C27539C00439FE7 /* Build configuration list for PBXNativeTarget "sremote" */ = {
			isa = XCConfigurationList;
			buildConfigurations = (
				C5A2A4BB1C27539C00439FE7 /* Debug */,
				C5A2A4BC1C27539C00439FE7 /* Release */,
			);
			defaultConfigurationIsVisible = 0;
			defaultConfigurationName = Release;
		};
		C5A2A4BD1C27539C00439FE7 /* Build configuration list for PBXNativeTarget "sremoteTests" */ = {
			isa = XCConfigurationList;
			buildConfigurations = (
				C5A2A4BE1C27539C00439FE7 /* Debug */,
				C5A2A4BF1C27539C00439FE7 /* Release */,
			);
			defaultConfigurationIsVisible = 0;
			defaultConfigurationName = Release;
		};
		C5A2A4C01C27539C00439FE7 /* Build configuration list for PBXNativeTarget "sremoteUITests" */ = {
			isa = XCConfigurationList;
			buildConfigurations = (
				C5A2A4C11C27539C00439FE7 /* Debug */,
				C5A2A4C21C27539C00439FE7 /* Release */,
			);
			defaultConfigurationIsVisible = 0;
			defaultConfigurationName = Release;
		};
/* End XCConfigurationList section */
	};
	rootObject = C5A2A48A1C27539C00439FE7 /* Project object */;
}
